<?xml version="1.0" encoding="utf-8"?>
<Project ToolsVersion="4.0" xmlns="http://schemas.microsoft.com/developer/msbuild/2003">
  <ItemGroup>
    <Filter Include="源文件">
      <UniqueIdentifier>{4FC737F1-C7A5-4376-A066-2A32D752A2FF}</UniqueIdentifier>
      <Extensions>cpp;c;cc;cxx;c++;cppm;ixx;def;odl;idl;hpj;bat;asm;asmx</Extensions>
    </Filter>
    <Filter Include="头文件">
      <UniqueIdentifier>{93995380-89BD-4b04-88EB-625FBE52EBFB}</UniqueIdentifier>
      <Extensions>h;hh;hpp;hxx;h++;hm;inl;inc;ipp;xsd</Extensions>
    </Filter>
    <Filter Include="资源文件">
      <UniqueIdentifier>{67DA6AB6-F800-4c08-8B7A-83BB121AAD01}</UniqueIdentifier>
      <Extensions>rc;ico;cur;bmp;dlg;rc2;rct;bin;rgs;gif;jpg;jpeg;jpe;resx;tiff;tif;png;wav;mfcribbon-ms</Extensions>
    </Filter>
    <Filter Include="shaders">
      <UniqueIdentifier>{854cf265-b6ec-4c45-9fc9-accd2334426d}</UniqueIdentifier>
    </Filter>
  </ItemGroup>
  <ItemGroup>
    <ClInclude Include="dx11_wnd.hpp">
      <Filter>头文件</Filter>
    </ClInclude>
    <ClInclude Include="LBM_Multicomponent.h">
      <Filter>头文件</Filter>
    </ClInclude>
    <ClInclude Include="raw_wnd.hpp">
      <Filter>头文件</Filter>
    </ClInclude>
  </ItemGroup>
  <ItemGroup>
    <ClCompile Include="main.cpp">
      <Filter>源文件</Filter>
    </ClCompile>
    <ClCompile Include="LBM_Multicomponent.cpp">
      <Filter>源文件</Filter>
    </ClCompile>
  </ItemGroup>
  <ItemGroup>
    <None Include="vs_ps_header.hlsli">
      <Filter>shaders</Filter>
    </None>
    <None Include="cs_header.hlsli">
      <Filter>shaders</Filter>
    </None>
    <None Include="cs_lbm_header.hlsli">
      <Filter>shaders</Filter>
    </None>
  </ItemGroup>
  <ItemGroup>
    <FxCompile Include="vs.hlsl">
      <Filter>shaders</Filter>
    </FxCompile>
    <FxCompile Include="ps.hlsl">
      <Filter>shaders</Filter>
    </FxCompile>
    <FxCompile Include="cs_draw.hlsl">
      <Filter>shaders</Filter>
    </FxCompile>
    <FxCompile Include="cs_lbm.hlsl">
      <Filter>shaders</Filter>
    </FxCompile>
    <FxCompile Include="cs_lbm_collision.hlsl">
      <Filter>shaders</Filter>
    </FxCompile>
    <FxCompile Include="cs_lbm_streaming.hlsl">
      <Filter>shaders</Filter>
    </FxCompile>
    <FxCompile Include="cs_lbm_visualization.hlsl">
      <Filter>shaders</Filter>
    </FxCompile>
    <FxCompile Include="cs_lbm_force_calculation.hlsl">
      <Filter>shaders</Filter>
    </FxCompile>
    <FxCompile Include="cs_lbm_moment_update.hlsl">
      <Filter>shaders</Filter>
    </FxCompile>
  </ItemGroup>
</Project>